# This file is autogenerated, do not edit; changes may be undone by the next 'dep ensure'.


[[projects]]
  branch = "master"
  name = "github.com/AlasdairF/BinSearch"
  packages = [
    ".",
    "Limit16",
    "Limit24",
    "Limit32",
    "Limit40",
    "Limit48",
    "Limit56",
    "Limit64",
    "LimitVal16",
    "LimitVal24",
    "LimitVal32",
    "LimitVal40",
    "LimitVal48",
    "LimitVal56",
    "LimitVal64",
    "LimitVal8"
  ]
  revision = "96187ac05e89bdb5c48367d12472b370a575d0eb"

[[projects]]
  branch = "master"
  name = "github.com/AlasdairF/Classifier"
  packages = ["."]
  revision = "58a65c45a229cba7c6ef266a883c6c9090de0208"

[[projects]]
  branch = "master"
  name = "github.com/AlasdairF/Conv"
  packages = ["."]
  revision = "b55e025a049e6ae1ca76be0fde855af441f89141"

[[projects]]
  branch = "master"
  name = "github.com/AlasdairF/Custom"
  packages = ["."]
  revision = "1889d7b07a22ffb7d32ea0dd070efe6c5121b0d5"

[[projects]]
  branch = "master"
  name = "github.com/AlasdairF/Sort"
  packages = [
    "IntInt",
    "IntUint16",
    "IntUint32",
    "IntUint64",
    "IntUint8"
  ]
  revision = "ebdbd9946084bb4997c0deecd158fb5fd7cab8d5"

[[projects]]
  branch = "master"
  name = "github.com/AlasdairF/snappy"
  packages = ["."]
  revision = "d1c9103b7e943501a7d4f21a89a5b532f31a018f"

[[projects]]
  name = "github.com/BurntSushi/toml"
  packages = ["."]
  revision = "3012a1dbe2e4bd1391d42b32f0577cb7bbc7f005"
  version = "v0.3.1"

[[projects]]
  branch = "master"
  name = "github.com/FrontMage/xinge"
  packages = [
    ".",
    "auth",
    "req"
  ]
  revision = "d2c01811ed4d2c2f4b02cf23067e45d321323898"

[[projects]]
  name = "github.com/HuKeping/rbtree"
  packages = ["."]
  revision = "0a7018020338cfd53ae43c6fa0a6a1a1ae216714"
  version = "v1.0"

[[projects]]
  name = "github.com/PuerkitoBio/goquery"
  packages = ["."]
  revision = "2d2796f41742ece03e8086188fa4db16a3a0b458"
  version = "v1.5.0"

[[projects]]
  name = "github.com/aliyun/alibaba-cloud-sdk-go"
  packages = [
    "sdk",
    "sdk/auth",
    "sdk/auth/credentials",
    "sdk/auth/signers",
    "sdk/endpoints",
    "sdk/errors",
    "sdk/requests",
    "sdk/responses",
    "sdk/utils"
  ]
  revision = "56ab3d10ba3172997ee62754078f40358b7f3ac3"
  version = "1.47.3"

[[projects]]
  name = "github.com/allegro/bigcache"
  packages = [
    ".",
    "queue"
  ]
  revision = "f31987a23e44c5121ef8c8b2f2ea2e8ffa37b068"
  version = "v1.1.0"

[[projects]]
  name = "github.com/andybalholm/cascadia"
  packages = ["."]
  revision = "901648c87902174f774fac311d7f176f8647bdaa"
  version = "v1.0.0"

[[projects]]
  branch = "master"
  name = "github.com/aristanetworks/goarista"
  packages = ["monotime"]
  revision = "0ca71131d8f76e0739563d97cc9f95c021825a2b"

[[projects]]
  name = "github.com/aws/aws-sdk-go"
  packages = [
    "aws",
    "aws/awserr",
    "aws/awsutil",
    "aws/client",
    "aws/client/metadata",
    "aws/corehandlers",
    "aws/credentials",
    "aws/credentials/ec2rolecreds",
    "aws/credentials/endpointcreds",
    "aws/credentials/stscreds",
    "aws/defaults",
    "aws/ec2metadata",
    "aws/endpoints",
    "aws/request",
    "aws/session",
    "aws/signer/v4",
    "internal/shareddefaults",
    "private/protocol",
    "private/protocol/query",
    "private/protocol/query/queryutil",
    "private/protocol/rest",
    "private/protocol/xml/xmlutil",
    "service/sqs",
    "service/sts"
  ]
  revision = "b69f447375c7fa0047ebcdd8ae5d585d5aac2f71"
  version = "v1.10.51"

[[projects]]
  name = "github.com/bitly/go-simplejson"
  packages = ["."]
  revision = "aabad6e819789e569bd6aabf444c935aa9ba1e44"
  version = "v0.5.0"

[[projects]]
  name = "github.com/bsm/redis-lock"
  packages = ["."]
  revision = "a411a6dd9badb340368e4e97ad9de11ea0e63811"
  version = "v8.0.1"

[[projects]]
  branch = "master"
  name = "github.com/btcsuite/btcd"
  packages = ["btcec"]
  revision = "7d2daa5bfef28c5e282571bc06416516936115ee"

[[projects]]
  branch = "master"
  name = "github.com/bububa/ljson"
  packages = ["."]
  revision = "5e36bd133e3297962f7066ccd1623452bfecbd80"

[[projects]]
  name = "github.com/certifi/gocertifi"
  packages = ["."]
  revision = "deb3ae2ef2610fde3330947281941c562861188b"
  version = "2018.01.18"

[[projects]]
  branch = "master"
  name = "github.com/danielkov/gin-helmet"
  packages = ["."]
  revision = "1387e224435edcb84dfc4bfc81fe56fc807ca98b"

[[projects]]
  name = "github.com/davecgh/go-spew"
  packages = ["spew"]
  revision = "8991bc29aa16c548c550c7ff78260e27b9ab7c73"
  version = "v1.1.1"

[[projects]]
  name = "github.com/deckarep/golang-set"
  packages = ["."]
  revision = "cbaa98ba5575e67703b32b4b19f73c91f3c4159e"
  version = "v1.7.1"

[[projects]]
  name = "github.com/dvwright/xss-mw"
  packages = ["."]
  revision = "75189b73f592c1cf0a65e91d6051e648d25333a5"
  version = "1.1"

[[projects]]
  name = "github.com/emirpasic/gods"
  packages = [
    "containers",
    "trees",
    "trees/redblacktree",
    "utils"
  ]
  revision = "1615341f118ae12f353cc8a983f35b584342c9b3"
  version = "v1.12.0"

[[projects]]
  name = "github.com/ethereum/go-ethereum"
  packages = [
    ".",
    "accounts",
    "accounts/abi",
    "accounts/abi/bind",
    "accounts/keystore",
    "common",
    "common/hexutil",
    "common/math",
    "common/mclock",
    "common/prque",
    "core/types",
    "crypto",
    "crypto/secp256k1",
    "crypto/sha3",
    "ethclient",
    "ethdb",
    "event",
    "log",
    "metrics",
    "p2p/netutil",
    "params",
    "rlp",
    "rpc",
    "trie"
  ]
  revision = "24d727b6d6e2c0cde222fa12155c4a6db5caaf2e"
  version = "v1.8.20"

[[projects]]
  branch = "master"
  name = "github.com/fvbock/endless"
  packages = ["."]
  revision = "447134032cb6a86814f570257390a379982dfc61"

[[projects]]
  name = "github.com/garyburd/redigo"
  packages = [
    "internal",
    "redis"
  ]
  revision = "a69d19351219b6dd56f274f96d85a7014a2ec34e"
  version = "v1.6.0"

[[projects]]
  name = "github.com/getsentry/raven-go"
  packages = ["."]
  revision = "f04e7487e9a6b9d9837d52743fb5f40576c56411"
  version = "v0.2.0"

[[projects]]
  branch = "master"
  name = "github.com/gin-contrib/sse"
  packages = ["."]
  revision = "22d885f9ecc78bf4ee5d72b937e4bbcdc58e8cae"

[[projects]]
  name = "github.com/gin-gonic/gin"
  packages = [
    ".",
    "binding",
    "json",
    "render"
  ]
  revision = "b869fe1415e4b9eb52f247441830d502aece2d4d"
  version = "v1.3.0"

[[projects]]
  branch = "master"
  name = "github.com/go-ego/cedar"
  packages = ["."]
  revision = "c920d07249de7c982b846173e99feeac1a0e21ff"

[[projects]]
  name = "github.com/go-ego/gse"
  packages = ["."]
  revision = "d2660f057593f8bc720a09db24e9cb00ffda55a0"
  version = "0.20.0"

[[projects]]
  name = "github.com/go-ini/ini"
  packages = ["."]
  revision = "a9da9309fb4822643ceebb765f80025c35ac19a1"
  version = "v1.40.0"

[[projects]]
  name = "github.com/go-msgqueue/msgqueue"
  packages = [
    ".",
    "azsqs",
    "internal",
    "internal/msgutil",
    "memqueue"
  ]
  revision = "aa95d9bfd01d32b15e6944df0ab5a77738a1c09c"
  version = "v1.8.1"

[[projects]]
  name = "github.com/go-redis/redis"
  packages = [
    ".",
    "internal",
    "internal/consistenthash",
    "internal/hashtag",
    "internal/pool",
    "internal/proto",
    "internal/singleflight",
    "internal/util"
  ]
  revision = "b3d9bf10f6666b2ee5100a6f3f84f4caf3b4e37d"
  version = "v6.14.2"

[[projects]]
  name = "github.com/go-redis/redis_rate"
  packages = ["."]
  revision = "31124b3ea0f4403d26bb09997338e5c78828cf99"
  version = "v6.5.0"

[[projects]]
  name = "github.com/go-stack/stack"
  packages = ["."]
  revision = "2fee6af1a9795aafbe0253a0cfbdf668e1fb8a9a"
  version = "v1.8.0"

[[projects]]
  branch = "master"
  name = "github.com/golang/freetype"
  packages = [
    "raster",
    "truetype"
  ]
  revision = "e2365dfdc4a05e4b8299a783240d4a7d5a65d4e4"

[[projects]]
  name = "github.com/golang/protobuf"
  packages = ["proto"]
  revision = "aa810b61a9c79d51363740d207bb46cf8e620ed5"
  version = "v1.2.0"

[[projects]]
  branch = "master"
  name = "github.com/golang/snappy"
  packages = ["."]
  revision = "2e65f85255dbc3072edf28d6b5b8efc472979f5a"

[[projects]]
  name = "github.com/google/go-querystring"
  packages = ["query"]
  revision = "44c6ddd0a2342c386950e880b658017258da92fc"
  version = "v1.0.0"

[[projects]]
  name = "github.com/google/uuid"
  packages = ["."]
  revision = "9b3b1e0f5f99ae461456d768e7d301a7acdaa2d8"
  version = "v1.1.0"

[[projects]]
  name = "github.com/gorilla/websocket"
  packages = ["."]
  revision = "66b9c49e59c6c48f0ffce28c2d8b8a5678502c6d"
  version = "v1.4.0"

[[projects]]
  name = "github.com/hashicorp/golang-lru"
  packages = ["simplelru"]
  revision = "20f1fb78b0740ba8c3cb143a61e86ba5c8669768"
  version = "v0.5.0"

[[projects]]
  branch = "master"
  name = "github.com/jinzhu/configor"
  packages = ["."]
  revision = "4edaf76fe18865e36de734d887f4c01bd05707af"

[[projects]]
  name = "github.com/jmespath/go-jmespath"
  packages = ["."]
  revision = "3433f3ea46d9f8019119e7dd41274e112a2359a9"
  version = "0.2.2"

[[projects]]
  name = "github.com/json-iterator/go"
  packages = ["."]
  revision = "1624edc4454b8682399def8740d46db5e4362ba4"
  version = "v1.1.5"

[[projects]]
  name = "github.com/klauspost/compress"
  packages = [
    "flate",
    "zlib"
  ]
  revision = "30be6041bed523c18e269a700ebd9c2ea9328574"
  version = "v1.4.1"

[[projects]]
  name = "github.com/klauspost/cpuid"
  packages = ["."]
  revision = "e7e905edc00ea8827e58662220139109efea09db"
  version = "v1.2.0"

[[projects]]
  name = "github.com/levigross/grequests"
  packages = ["."]
  revision = "d0df86deffcb5d344ab23de5a958d41e44659568"
  version = "0.10"

[[projects]]
  name = "github.com/lionsoul2014/ip2region"
  packages = ["binding/golang/ip2region"]
  revision = "b7e9755c6b12193a882739e50760c86d7f3e8cdd"
  version = "v1.7.0-release"

[[projects]]
  branch = "master"
  name = "github.com/lucazulian/cryptocomparego"
  packages = [
    ".",
    "context"
  ]
  revision = "0bbb5bcaed797b002bd4997d8b1e48a1e8f5b3da"

[[projects]]
  name = "github.com/mattn/go-isatty"
  packages = ["."]
  revision = "6ca4dbf54d38eea1a992b3c722a76a5d1c4cb25c"
  version = "v0.0.4"

[[projects]]
  name = "github.com/mattn/go-runewidth"
  packages = ["."]
  revision = "3ee7d812e62a0804a7d0a324e0249ca2db3476d3"
  version = "v0.0.4"

[[projects]]
  name = "github.com/me-io/go-swap"
  packages = [
    "pkg/exchanger",
    "pkg/swap"
  ]
  revision = "292c497747d7818d2042747db350b9c2dcb17433"
  version = "0.0.1"

[[projects]]
  name = "github.com/microcosm-cc/bluemonday"
  packages = ["."]
  revision = "506f3da9b7c86d737e91f16b7431df8635871552"
  version = "v1.0.2"

[[projects]]
  name = "github.com/mkideal/log"
  packages = [
    ".",
    "logger",
    "provider"
  ]
  revision = "ed2d8b1b0e09d73946442f0ac55559edf9c292bc"
  version = "v0.1.0"

[[projects]]
  name = "github.com/modern-go/concurrent"
  packages = ["."]
  revision = "bacd9c7ef1dd9b15be4a9909b8ac7a4e313eec94"
  version = "1.0.3"

[[projects]]
  name = "github.com/modern-go/reflect2"
  packages = ["."]
  revision = "4b7aa43c6742a2c18fdef89dd197aaae7dac7ccd"
  version = "1.0.1"

[[projects]]
  name = "github.com/nlopes/slack"
  packages = [
    ".",
    "slackutilsx"
  ]
  revision = "b9033a72a20bf84563485e86a2adbea4bf265804"
  version = "v0.4.0"

[[projects]]
  branch = "master"
  name = "github.com/nu7hatch/gouuid"
  packages = ["."]
  revision = "179d4d0c4d8d407a32af483c2354df1d2c91e6c3"

[[projects]]
  name = "github.com/o1egl/govatar"
  packages = [
    ".",
    "bindata"
  ]
  revision = "24a017dc0e9680762aeddd75c4f9cd91c55ad5b8"
  version = "0.2.0"

[[projects]]
  name = "github.com/olekukonko/tablewriter"
  packages = ["."]
  revision = "e6d60cf7ba1f42d86d54cdf5508611c4aafb3970"
  version = "v0.0.1"

[[projects]]
  name = "github.com/oschwald/geoip2-golang"
  packages = ["."]
  revision = "7118115686e16b77967cdbf55d1b944fe14ad312"
  version = "v1.2.1"

[[projects]]
  name = "github.com/oschwald/maxminddb-golang"
  packages = ["."]
  revision = "c5bec84d1963260297932a1b7a1753c8420717a7"
  version = "v1.3.0"

[[projects]]
  name = "github.com/panjf2000/ants"
  packages = ["."]
  revision = "5bbeede0972156ea5b2be3dcf0d6219a63c5e404"
  version = "v3.9.4"

[[projects]]
  name = "github.com/pborman/uuid"
  packages = ["."]
  revision = "adf5a7427709b9deb95d29d3fa8a2bf9cfd388f1"
  version = "v1.2"

[[projects]]
  name = "github.com/pkg/errors"
  packages = ["."]
  revision = "645ef00459ed84a119197bfb8d8205042c6df63d"
  version = "v0.8.0"

[[projects]]
  name = "github.com/qiniu/api.v7"
  packages = [
    "auth/qbox",
    "conf",
    "storage"
  ]
  revision = "bc6998c1186aafa0eadc6396d28fc7e77a594a2a"
  version = "v7.2.5"

[[projects]]
  name = "github.com/qiniu/x"
  packages = [
    "bytes.v7",
    "bytes.v7/seekable",
    "reqid.v7",
    "xlog.v7"
  ]
  revision = "946c4a16076d6d98aeb78619e2bd4012357f7228"
  version = "v7.0.8"

[[projects]]
  name = "github.com/rjeczalik/notify"
  packages = ["."]
  revision = "69d839f37b13a8cb7a78366f7633a4071cb43be7"
  version = "v0.9.2"

[[projects]]
  name = "github.com/rs/cors"
  packages = ["."]
  revision = "9a47f48565a795472d43519dd49aac781f3034fb"
  version = "v1.6.0"

[[projects]]
  name = "github.com/satori/go.uuid"
  packages = ["."]
  revision = "f58768cc1a7a7e77a3bd49e98cdd21419399b6a3"
  version = "v1.2.0"

[[projects]]
  name = "github.com/shopspring/decimal"
  packages = ["."]
  revision = "cd690d0c9e2447b1ef2a129a6b7b49077da89b8e"
  version = "1.1.0"

[[projects]]
  branch = "master"
  name = "github.com/shurcooL/sanitized_anchor_name"
  packages = ["."]
  revision = "86672fcb3f950f35f2e675df2240550f2a50762f"

[[projects]]
  branch = "go1"
  name = "github.com/skelterjohn/go.matrix"
  packages = ["."]
  revision = "daa59528eefd43623a4c8e36373a86f9eef870a2"

[[projects]]
  branch = "master"
  name = "github.com/syndtr/goleveldb"
  packages = [
    "leveldb",
    "leveldb/cache",
    "leveldb/comparer",
    "leveldb/errors",
    "leveldb/filter",
    "leveldb/iterator",
    "leveldb/journal",
    "leveldb/memdb",
    "leveldb/opt",
    "leveldb/storage",
    "leveldb/table",
    "leveldb/util"
  ]
  revision = "b001fa50d6b27f3f0bb175a87d0cb55426d0a0ae"

[[projects]]
  name = "github.com/tokenme/etherscan-api"
  packages = ["."]
  revision = "5acf289cfa221ff52a2b8026f872cec119bcc952"
  version = "v1.0.5"

[[projects]]
  branch = "master"
  name = "github.com/tokenme/go-fn"
  packages = ["fn"]
  revision = "37331e464987481d3dfbb7f20f50b99bd2e64662"

[[projects]]
  branch = "master"
  name = "github.com/tokenme/probab"
  packages = ["dst"]
  revision = "8703a4c316539ae3e656fa9cf4646cd62af15c08"

[[projects]]
  branch = "master"
  name = "github.com/ua-parser/uap-go"
  packages = ["uaparser"]
  revision = "d1c80256e78d48c8a9cdb3d0c646cc27c499bcb1"

[[projects]]
  name = "github.com/ugorji/go"
  packages = ["codec"]
  revision = "b4c50a2b199d93b13dc15e78929cfb23bfdf21ab"
  version = "v1.1.1"

[[projects]]
  name = "github.com/vmihailenco/msgpack"
  packages = [
    ".",
    "codes"
  ]
  revision = "c4fc0fcdd500af473157759b6d73f935e727ec77"
  version = "v4.0.1"

[[projects]]
  name = "github.com/wcharczuk/go-chart"
  packages = [
    ".",
    "drawing",
    "matrix",
    "roboto",
    "seq",
    "util"
  ]
  revision = "7c3982fe3d8ab0c9eea9ab5d2aced51e45d447bc"
  version = "v2.0.1"

[[projects]]
  name = "github.com/xluohome/phonedata"
  packages = ["."]
  revision = "7ce4d4339b610d0a65f313d81cae7faabe1ad035"
  version = "1804"

[[projects]]
  branch = "master"
  name = "github.com/yizenghui/wxarticle2md"
  packages = ["."]
  revision = "baa7d4434c64732d371f535effdbe871b10a6988"

[[projects]]
  name = "github.com/ziutek/mymysql"
  packages = [
    "autorc",
    "mysql",
    "native",
    "thrsafe"
  ]
  revision = "e08c2f35356576b3c3690c252fe5dca728ae9292"
  version = "v1.5.4"

[[projects]]
  branch = "master"
  name = "golang.org/x/crypto"
  packages = [
    "pbkdf2",
    "scrypt"
  ]
  revision = "505ab145d0a99da450461ae2c1a9f6cd10d1f447"

[[projects]]
  branch = "master"
  name = "golang.org/x/image"
  packages = [
    "draw",
    "font",
    "math/f64",
    "math/fixed"
  ]
  revision = "cd38e8056d9b27bb2f265effa37fb0ea6b8a7f0f"

[[projects]]
  branch = "master"
  name = "golang.org/x/net"
  packages = [
    "context",
    "html",
    "html/atom",
    "idna",
    "publicsuffix",
    "websocket"
  ]
  revision = "927f97764cc334a6575f4b7a1584a147864d5723"

[[projects]]
  branch = "master"
  name = "golang.org/x/sys"
  packages = [
    "unix",
    "windows"
  ]
  revision = "b4a75ba826a64a70990f11a225237acd6ef35c9f"

[[projects]]
  name = "golang.org/x/text"
  packages = [
    "collate",
    "collate/build",
    "internal/colltab",
    "internal/gen",
    "internal/tag",
    "internal/triegen",
    "internal/ucd",
    "language",
    "secure/bidirule",
    "transform",
    "unicode/bidi",
    "unicode/cldr",
    "unicode/norm",
    "unicode/rangetable"
  ]
  revision = "f21a4dfb5e38f5895301dc265a8def02365cc3d0"
  version = "v0.3.0"

[[projects]]
  branch = "master"
  name = "golang.org/x/time"
  packages = ["rate"]
  revision = "85acf8d2951cb2a3bde7632f9ff273ef0379bcbd"

[[projects]]
  name = "google.golang.org/appengine"
  packages = [
    ".",
    "datastore",
    "internal",
    "internal/app_identity",
    "internal/base",
    "internal/datastore",
    "internal/log",
    "internal/modules",
    "internal/remote_api"
  ]
  revision = "e9657d882bb81064595ca3b56cbe2546bbabf7b1"
  version = "v1.4.0"

[[projects]]
  name = "gopkg.in/dgrijalva/jwt-go.v3"
  packages = ["."]
  revision = "06ea1031745cb8b3dab3f6a236daf2b0aa468b7e"
  version = "v3.2.0"

[[projects]]
  name = "gopkg.in/go-playground/validator.v8"
  packages = ["."]
  revision = "5f1438d3fca68893a817e4a66806cea46a9e4ebf"
  version = "v8.18.2"

[[projects]]
  branch = "v2"
  name = "gopkg.in/natefinch/npipe.v2"
  packages = ["."]
  revision = "c1b8fa8bdccecb0b8db834ee0b92fdbcfa606dd6"

[[projects]]
  name = "gopkg.in/oleiade/lane.v1"
  packages = ["."]
  revision = "28f7c3f09254f12b51e620fa4db136ba58804762"
  version = "v1.0.0"

[[projects]]
  name = "gopkg.in/russross/blackfriday.v2"
  packages = ["."]
  revision = "d3b5b032dc8e8927d31a5071b56e14c89f045135"
  version = "v2.0.1"

[[projects]]
  name = "gopkg.in/yaml.v2"
  packages = ["."]
  revision = "51d6538a90f86fe93ac480b35f37b2be17fef232"
  version = "v2.2.2"

[[projects]]
  name = "qiniupkg.com/x"
  packages = [
    "bytes.v7",
    "log.v7",
    "reqid.v7"
  ]
  revision = "946c4a16076d6d98aeb78619e2bd4012357f7228"
  version = "v7.0.8"

[solve-meta]
  analyzer-name = "dep"
  analyzer-version = 1
  inputs-digest = "19d1b9f5fecdb99b08711e334b8bda59c85a5e5209f7ced3104c563e8230c693"
  solver-name = "gps-cdcl"
  solver-version = 1
